# This file is machine-generated by `gh actions-lock`.
# Do not edit by hand; run `gh actions-lock` to update.
# Docs: https://gh.io/actions-lockfile
version: 'v0.0.2'
workflows:
    '.github/workflows/ci.yml':
        - 'actions/checkout@v4.3.1'
        - 'actions/setup-go@v5.6.0'
        - 'ruby/setup-ruby@v1.321.0'
    '.github/workflows/dependency-review.yml':
        - 'actions/checkout@v4.3.1'
        - 'actions/dependency-review-action@v4.9.0'
    '.github/workflows/release-ruby.yml':
        - 'actions/checkout@v4.3.1'
        - 'ruby/setup-ruby@v1.321.0'
        - 'rubygems/configure-rubygems-credentials@v2.1.0'
    '.github/workflows/release.yml':
        - 'actions/checkout@v4.3.1'
        - 'actions/setup-go@v5.6.0'
dependencies:
    'actions/checkout@v4.3.1':
        ref: 'v4.3.1'
        commit: 'sha1-34e114876b0b11c390a56381ad16ebd13914f8d5'
        owner_id: 44036562
        repo_id: 197814629
    'actions/dependency-review-action@v4.9.0':
        ref: 'v4.9.0'
        commit: 'sha1-2031cfc080254a8a887f58cffee85186f0e49e48'
        owner_id: 44036562
        repo_id: 476372928
    'actions/setup-go@v5.6.0':
        ref: 'v5.6.0'
        commit: 'sha1-40f1582b2485089dde7abd97c1529aa768e1baff'
        owner_id: 44036562
        repo_id: 192624594
    'ruby/setup-ruby@v1.321.0':
        ref: 'v1.321.0'
        commit: 'sha1-95ef2b042f9d7a56d8268cba8559e2842e2ad01b'
        owner_id: 210414
        repo_id: 231208785
    'rubygems/configure-rubygems-credentials@v2.1.0':
        ref: 'v2.1.0'
        commit: 'sha1-dc5a8d8553e6ee01fc26761a49e99e733d17954a'
        owner_id: 208761
        repo_id: 631633510
